
Microsoft Visual Studio Solution File, Format Version 12.00
# Visual Studio Version 17
VisualStudioVersion = 17.4.33403.182
MinimumVisualStudioVersion = 10.0.40219.1
Project("{FAE04EC0-301F-11D3-BF4B-00C04F79EFBC}") = "DerevoDialogov", "DerevoDialogov\DerevoDialogov.csproj", "{EB134F14-0FCB-44EF-9701-5E8C12A04642}"
EndProject
Global
	GlobalSection(SolutionConfigurationPlatforms) = preSolution
		Debug|Any CPU = Debug|Any CPU
		Release|Any CPU = Release|Any CPU
	EndGlobalSection
	GlobalSection(ProjectConfigurationPlatforms) = postSolution
		{EB134F14-0FCB-44EF-9701-5E8C12A04642}.Debug|Any CPU.ActiveCfg = Debug|Any CPU
		{EB134F14-0FCB-44EF-9701-5E8C12A04642}.Debug|Any CPU.Build.0 = Debug|Any CPU
		{EB134F14-0FCB-44EF-9701-5E8C12A04642}.Release|Any CPU.ActiveCfg = Release|Any CPU
		{EB134F14-0FCB-44EF-9701-5E8C12A04642}.Release|Any CPU.Build.0 = Release|Any CPU
	EndGlobalSection
	GlobalSection(SolutionProperties) = preSolution
		HideSolutionNode = FALSE
	EndGlobalSection
	GlobalSection(ExtensibilityGlobals) = postSolution
		SolutionGuid = {A2B16F4E-8095-48DF-A1B5-7ED4A23819FE}
	EndGlobalSection
EndGlobal
